
Microsoft Visual Studio Solution File, Format Version 12.00
# Visual Studio 15
VisualStudioVersion = 15.0.27428.2011
MinimumVisualStudioVersion = 10.0.40219.1
Project("{FAE04EC0-301F-11D3-BF4B-00C04F79EFBC}") = "Topology", "Topology\Topology.csproj", "{89AFBBBE-3ACD-4A77-9412-74F09295B46B}"
EndProject
Global
	GlobalSection(SolutionConfigurationPlatforms) = preSolution
		Debug|Any CPU = Debug|Any CPU
		Release|Any CPU = Release|Any CPU
	EndGlobalSection
	GlobalSection(ProjectConfigurationPlatforms) = postSolution
		{89AFBBBE-3ACD-4A77-9412-74F09295B46B}.Debug|Any CPU.ActiveCfg = Debug|Any CPU
		{89AFBBBE-3ACD-4A77-9412-74F09295B46B}.Debug|Any CPU.Build.0 = Debug|Any CPU
		{89AFBBBE-3ACD-4A77-9412-74F09295B46B}.Release|Any CPU.ActiveCfg = Release|Any CPU
		{89AFBBBE-3ACD-4A77-9412-74F09295B46B}.Release|Any CPU.Build.0 = Release|Any CPU
	EndGlobalSection
	GlobalSection(SolutionProperties) = preSolution
		HideSolutionNode = FALSE
	EndGlobalSection
	GlobalSection(ExtensibilityGlobals) = postSolution
		SolutionGuid = {E4B60384-41B3-4738-947A-DCF18CC2F90F}
	EndGlobalSection
EndGlobal
